Microsoft Visual Studio Solution File, Format Version 12.00
# Visual Studio Version 17
VisualStudioVersion = 17.5.2.0
MinimumVisualStudioVersion = 10.0.40219.1
Project("{FAE04EC0-301F-11D3-BF4B-00C04F79EFBC}") = "gercek_zamanli_chat", "gercek_zamanli_chat.csproj", "{BDDF7604-C714-F252-791B-71ABD341AC1C}"
EndProject
Global
	GlobalSection(SolutionConfigurationPlatforms) = preSolution
		Debug|Any CPU = Debug|Any CPU
		Release|Any CPU = Release|Any CPU
	EndGlobalSection
	GlobalSection(ProjectConfigurationPlatforms) = postSolution
		{BDDF7604-C714-F252-791B-71ABD341AC1C}.Debug|Any CPU.ActiveCfg = Debug|Any CPU
		{BDDF7604-C714-F252-791B-71ABD341AC1C}.Debug|Any CPU.Build.0 = Debug|Any CPU
		{BDDF7604-C714-F252-791B-71ABD341AC1C}.Release|Any CPU.ActiveCfg = Release|Any CPU
		{BDDF7604-C714-F252-791B-71ABD341AC1C}.Release|Any CPU.Build.0 = Release|Any CPU
	EndGlobalSection
	GlobalSection(SolutionProperties) = preSolution
		HideSolutionNode = FALSE
	EndGlobalSection
	GlobalSection(ExtensibilityGlobals) = postSolution
		SolutionGuid = {5CD13A6B-7A51-4DD2-A08D-2EAA7569FB02}
	EndGlobalSection
EndGlobal
